
Microsoft Visual Studio Solution File, Format Version 12.00
# Visual Studio Version 17
VisualStudioVersion = 17.5.33627.172
MinimumVisualStudioVersion = 10.0.40219.1
Project("{FAE04EC0-301F-11D3-BF4B-00C04F79EFBC}") = "WebFormAsp.net", "WebFormAsp.net\WebFormAsp.net.csproj", "{16634296-ED9B-4000-BC34-870653CAEA43}"
EndProject
Global
	GlobalSection(SolutionConfigurationPlatforms) = preSolution
		Debug|Any CPU = Debug|Any CPU
		Release|Any CPU = Release|Any CPU
	EndGlobalSection
	GlobalSection(ProjectConfigurationPlatforms) = postSolution
		{16634296-ED9B-4000-BC34-870653CAEA43}.Debug|Any CPU.ActiveCfg = Debug|Any CPU
		{16634296-ED9B-4000-BC34-870653CAEA43}.Debug|Any CPU.Build.0 = Debug|Any CPU
		{16634296-ED9B-4000-BC34-870653CAEA43}.Release|Any CPU.ActiveCfg = Release|Any CPU
		{16634296-ED9B-4000-BC34-870653CAEA43}.Release|Any CPU.Build.0 = Release|Any CPU
	EndGlobalSection
	GlobalSection(SolutionProperties) = preSolution
		HideSolutionNode = FALSE
	EndGlobalSection
	GlobalSection(ExtensibilityGlobals) = postSolution
		SolutionGuid = {B9F3B092-DE1A-49EF-8779-CF9868799C36}
	EndGlobalSection
EndGlobal
